
Microsoft Visual Studio Solution File, Format Version 12.00
# Visual Studio Version 16
VisualStudioVersion = 16.0.29709.97
MinimumVisualStudioVersion = 10.0.40219.1
Project("{9A19103F-16F7-4668-BE54-9A1E7A4F7556}") = "GenericTree", "src\GenericTree\GenericTree.csproj", "{B1B698B9-DA79-4F6F-891E-8C1EA6C68A3F}"
EndProject
Project("{9A19103F-16F7-4668-BE54-9A1E7A4F7556}") = "BinaryTree", "src\BinaryTree\BinaryTree.csproj", "{014DDD86-2ABD-4C51-8E02-97709C4F6A61}"
EndProject
Project("{9A19103F-16F7-4668-BE54-9A1E7A4F7556}") = "VectorTree", "src\VectorTree\VectorTree.csproj", "{A56504D7-FE97-41B3-BBEC-4B1E225F90B4}"
EndProject
Project("{9A19103F-16F7-4668-BE54-9A1E7A4F7556}") = "DataBase", "src\DataBase\DataBase.csproj", "{91F8E234-FF16-42C1-B6F2-0D2E9A9E5290}"
EndProject
Project("{9A19103F-16F7-4668-BE54-9A1E7A4F7556}") = "LavaJato", "src\LavaJato\LavaJato.csproj", "{1E03E886-A39A-4BE0-A48F-843D3A6105A8}"
EndProject
Project("{FAE04EC0-301F-11D3-BF4B-00C04F79EFBC}") = "ABB", "src\ABB\ABB.csproj", "{EA23280C-2FCE-4657-9204-418633DB676A}"
EndProject
Global
	GlobalSection(SolutionConfigurationPlatforms) = preSolution
		Debug|Any CPU = Debug|Any CPU
		Release|Any CPU = Release|Any CPU
	EndGlobalSection
	GlobalSection(ProjectConfigurationPlatforms) = postSolution
		{B1B698B9-DA79-4F6F-891E-8C1EA6C68A3F}.Debug|Any CPU.ActiveCfg = Debug|Any CPU
		{B1B698B9-DA79-4F6F-891E-8C1EA6C68A3F}.Debug|Any CPU.Build.0 = Debug|Any CPU
		{B1B698B9-DA79-4F6F-891E-8C1EA6C68A3F}.Release|Any CPU.ActiveCfg = Release|Any CPU
		{B1B698B9-DA79-4F6F-891E-8C1EA6C68A3F}.Release|Any CPU.Build.0 = Release|Any CPU
		{014DDD86-2ABD-4C51-8E02-97709C4F6A61}.Debug|Any CPU.ActiveCfg = Debug|Any CPU
		{014DDD86-2ABD-4C51-8E02-97709C4F6A61}.Debug|Any CPU.Build.0 = Debug|Any CPU
		{014DDD86-2ABD-4C51-8E02-97709C4F6A61}.Release|Any CPU.ActiveCfg = Release|Any CPU
		{014DDD86-2ABD-4C51-8E02-97709C4F6A61}.Release|Any CPU.Build.0 = Release|Any CPU
		{A56504D7-FE97-41B3-BBEC-4B1E225F90B4}.Debug|Any CPU.ActiveCfg = Debug|Any CPU
		{A56504D7-FE97-41B3-BBEC-4B1E225F90B4}.Debug|Any CPU.Build.0 = Debug|Any CPU
		{A56504D7-FE97-41B3-BBEC-4B1E225F90B4}.Release|Any CPU.ActiveCfg = Release|Any CPU
		{A56504D7-FE97-41B3-BBEC-4B1E225F90B4}.Release|Any CPU.Build.0 = Release|Any CPU
		{91F8E234-FF16-42C1-B6F2-0D2E9A9E5290}.Debug|Any CPU.ActiveCfg = Debug|Any CPU
		{91F8E234-FF16-42C1-B6F2-0D2E9A9E5290}.Debug|Any CPU.Build.0 = Debug|Any CPU
		{91F8E234-FF16-42C1-B6F2-0D2E9A9E5290}.Release|Any CPU.ActiveCfg = Release|Any CPU
		{91F8E234-FF16-42C1-B6F2-0D2E9A9E5290}.Release|Any CPU.Build.0 = Release|Any CPU
		{1E03E886-A39A-4BE0-A48F-843D3A6105A8}.Debug|Any CPU.ActiveCfg = Debug|Any CPU
		{1E03E886-A39A-4BE0-A48F-843D3A6105A8}.Debug|Any CPU.Build.0 = Debug|Any CPU
		{1E03E886-A39A-4BE0-A48F-843D3A6105A8}.Release|Any CPU.ActiveCfg = Release|Any CPU
		{1E03E886-A39A-4BE0-A48F-843D3A6105A8}.Release|Any CPU.Build.0 = Release|Any CPU
		{EA23280C-2FCE-4657-9204-418633DB676A}.Debug|Any CPU.ActiveCfg = Debug|Any CPU
		{EA23280C-2FCE-4657-9204-418633DB676A}.Debug|Any CPU.Build.0 = Debug|Any CPU
		{EA23280C-2FCE-4657-9204-418633DB676A}.Release|Any CPU.ActiveCfg = Release|Any CPU
		{EA23280C-2FCE-4657-9204-418633DB676A}.Release|Any CPU.Build.0 = Release|Any CPU
	EndGlobalSection
	GlobalSection(SolutionProperties) = preSolution
		HideSolutionNode = FALSE
	EndGlobalSection
	GlobalSection(ExtensibilityGlobals) = postSolution
		SolutionGuid = {641AF71B-CAA0-4C99-9CCA-EAAB8EEF1C59}
	EndGlobalSection
EndGlobal
