
Microsoft Visual Studio Solution File, Format Version 12.00
# Visual Studio Version 16
VisualStudioVersion = 16.0.29709.97
MinimumVisualStudioVersion = 10.0.40219.1
Project("{9A19103F-16F7-4668-BE54-9A1E7A4F7556}") = "GenericTree", "src\GenericTree\GenericTree.csproj", "{B1B698B9-DA79-4F6F-891E-8C1EA6C68A3F}"
EndProject
Project("{9A19103F-16F7-4668-BE54-9A1E7A4F7556}") = "BinaryTree", "src\BinaryTree\BinaryTree.csproj", "{014DDD86-2ABD-4C51-8E02-97709C4F6A61}"
EndProject
Project("{9A19103F-16F7-4668-BE54-9A1E7A4F7556}") = "VectorTree", "src\VectorTree\VectorTree.csproj", "{A56504D7-FE97-41B3-BBEC-4B1E225F90B4}"
EndProject
Project("{9A19103F-16F7-4668-BE54-9A1E7A4F7556}") = "DataBase", "src\DataBase\DataBase.csproj", "{91F8E234-FF16-42C1-B6F2-0D2E9A9E5290}"
EndProject
Project("{9A19103F-16F7-4668-BE54-9A1E7A4F7556}") = "LavaJato", "src\LavaJato\LavaJato.csproj", "{1E03E886-A39A-4BE0-A48F-843D3A6105A8}"
EndProject
Project("{9A19103F-16F7-4668-BE54-9A1E7A4F7556}") = "ABB", "src\ABB\ABB.csproj", "{EA23280C-2FCE-4657-9204-418633DB676A}"
EndProject
Project("{9A19103F-16F7-4668-BE54-9A1E7A4F7556}") = "Prova", "src\Prova\Prova.csproj", "{30018451-9F57-4CB6-894D-184706AD5D4E}"
EndProject
Project("{9A19103F-16F7-4668-BE54-9A1E7A4F7556}") = "pa-atv1-padroes-projeto", "src\pa-atv1-padroes-projeto\pa-atv1-padroes-projeto.csproj", "{08DE61E3-E3A8-4D92-A11A-4587DA77716F}"
EndProject
Project("{2150E333-8FDC-42A3-9474-1A3956D46DE8}") = "ed2", "ed2", "{9469823E-76F9-4B19-8F79-BFDBE70857AE}"
EndProject
Project("{2150E333-8FDC-42A3-9474-1A3956D46DE8}") = "pa", "pa", "{10401319-1376-478C-BD77-0F4E1F2610B6}"
EndProject
Project("{FAE04EC0-301F-11D3-BF4B-00C04F79EFBC}") = "ed2-arvore-avl", "src\ed2-arvore-avl\ed2-arvore-avl.csproj", "{E2E6D907-2D60-4156-9BE0-E9B4F113ADE9}"
EndProject
Global
	GlobalSection(SolutionConfigurationPlatforms) = preSolution
		Debug|Any CPU = Debug|Any CPU
		Release|Any CPU = Release|Any CPU
	EndGlobalSection
	GlobalSection(ProjectConfigurationPlatforms) = postSolution
		{B1B698B9-DA79-4F6F-891E-8C1EA6C68A3F}.Debug|Any CPU.ActiveCfg = Debug|Any CPU
		{B1B698B9-DA79-4F6F-891E-8C1EA6C68A3F}.Debug|Any CPU.Build.0 = Debug|Any CPU
		{B1B698B9-DA79-4F6F-891E-8C1EA6C68A3F}.Release|Any CPU.ActiveCfg = Release|Any CPU
		{B1B698B9-DA79-4F6F-891E-8C1EA6C68A3F}.Release|Any CPU.Build.0 = Release|Any CPU
		{014DDD86-2ABD-4C51-8E02-97709C4F6A61}.Debug|Any CPU.ActiveCfg = Debug|Any CPU
		{014DDD86-2ABD-4C51-8E02-97709C4F6A61}.Debug|Any CPU.Build.0 = Debug|Any CPU
		{014DDD86-2ABD-4C51-8E02-97709C4F6A61}.Release|Any CPU.ActiveCfg = Release|Any CPU
		{014DDD86-2ABD-4C51-8E02-97709C4F6A61}.Release|Any CPU.Build.0 = Release|Any CPU
		{A56504D7-FE97-41B3-BBEC-4B1E225F90B4}.Debug|Any CPU.ActiveCfg = Debug|Any CPU
		{A56504D7-FE97-41B3-BBEC-4B1E225F90B4}.Debug|Any CPU.Build.0 = Debug|Any CPU
		{A56504D7-FE97-41B3-BBEC-4B1E225F90B4}.Release|Any CPU.ActiveCfg = Release|Any CPU
		{A56504D7-FE97-41B3-BBEC-4B1E225F90B4}.Release|Any CPU.Build.0 = Release|Any CPU
		{91F8E234-FF16-42C1-B6F2-0D2E9A9E5290}.Debug|Any CPU.ActiveCfg = Debug|Any CPU
		{91F8E234-FF16-42C1-B6F2-0D2E9A9E5290}.Debug|Any CPU.Build.0 = Debug|Any CPU
		{91F8E234-FF16-42C1-B6F2-0D2E9A9E5290}.Release|Any CPU.ActiveCfg = Release|Any CPU
		{91F8E234-FF16-42C1-B6F2-0D2E9A9E5290}.Release|Any CPU.Build.0 = Release|Any CPU
		{1E03E886-A39A-4BE0-A48F-843D3A6105A8}.Debug|Any CPU.ActiveCfg = Debug|Any CPU
		{1E03E886-A39A-4BE0-A48F-843D3A6105A8}.Debug|Any CPU.Build.0 = Debug|Any CPU
		{1E03E886-A39A-4BE0-A48F-843D3A6105A8}.Release|Any CPU.ActiveCfg = Release|Any CPU
		{1E03E886-A39A-4BE0-A48F-843D3A6105A8}.Release|Any CPU.Build.0 = Release|Any CPU
		{EA23280C-2FCE-4657-9204-418633DB676A}.Debug|Any CPU.ActiveCfg = Debug|Any CPU
		{EA23280C-2FCE-4657-9204-418633DB676A}.Debug|Any CPU.Build.0 = Debug|Any CPU
		{EA23280C-2FCE-4657-9204-418633DB676A}.Release|Any CPU.ActiveCfg = Release|Any CPU
		{EA23280C-2FCE-4657-9204-418633DB676A}.Release|Any CPU.Build.0 = Release|Any CPU
		{30018451-9F57-4CB6-894D-184706AD5D4E}.Debug|Any CPU.ActiveCfg = Debug|Any CPU
		{30018451-9F57-4CB6-894D-184706AD5D4E}.Debug|Any CPU.Build.0 = Debug|Any CPU
		{30018451-9F57-4CB6-894D-184706AD5D4E}.Release|Any CPU.ActiveCfg = Release|Any CPU
		{30018451-9F57-4CB6-894D-184706AD5D4E}.Release|Any CPU.Build.0 = Release|Any CPU
		{08DE61E3-E3A8-4D92-A11A-4587DA77716F}.Debug|Any CPU.ActiveCfg = Debug|Any CPU
		{08DE61E3-E3A8-4D92-A11A-4587DA77716F}.Debug|Any CPU.Build.0 = Debug|Any CPU
		{08DE61E3-E3A8-4D92-A11A-4587DA77716F}.Release|Any CPU.ActiveCfg = Release|Any CPU
		{08DE61E3-E3A8-4D92-A11A-4587DA77716F}.Release|Any CPU.Build.0 = Release|Any CPU
		{E2E6D907-2D60-4156-9BE0-E9B4F113ADE9}.Debug|Any CPU.ActiveCfg = Debug|Any CPU
		{E2E6D907-2D60-4156-9BE0-E9B4F113ADE9}.Debug|Any CPU.Build.0 = Debug|Any CPU
		{E2E6D907-2D60-4156-9BE0-E9B4F113ADE9}.Release|Any CPU.ActiveCfg = Release|Any CPU
		{E2E6D907-2D60-4156-9BE0-E9B4F113ADE9}.Release|Any CPU.Build.0 = Release|Any CPU
	EndGlobalSection
	GlobalSection(SolutionProperties) = preSolution
		HideSolutionNode = FALSE
	EndGlobalSection
	GlobalSection(NestedProjects) = preSolution
		{B1B698B9-DA79-4F6F-891E-8C1EA6C68A3F} = {9469823E-76F9-4B19-8F79-BFDBE70857AE}
		{014DDD86-2ABD-4C51-8E02-97709C4F6A61} = {9469823E-76F9-4B19-8F79-BFDBE70857AE}
		{A56504D7-FE97-41B3-BBEC-4B1E225F90B4} = {9469823E-76F9-4B19-8F79-BFDBE70857AE}
		{91F8E234-FF16-42C1-B6F2-0D2E9A9E5290} = {9469823E-76F9-4B19-8F79-BFDBE70857AE}
		{1E03E886-A39A-4BE0-A48F-843D3A6105A8} = {9469823E-76F9-4B19-8F79-BFDBE70857AE}
		{EA23280C-2FCE-4657-9204-418633DB676A} = {9469823E-76F9-4B19-8F79-BFDBE70857AE}
		{30018451-9F57-4CB6-894D-184706AD5D4E} = {9469823E-76F9-4B19-8F79-BFDBE70857AE}
		{08DE61E3-E3A8-4D92-A11A-4587DA77716F} = {10401319-1376-478C-BD77-0F4E1F2610B6}
		{E2E6D907-2D60-4156-9BE0-E9B4F113ADE9} = {9469823E-76F9-4B19-8F79-BFDBE70857AE}
	EndGlobalSection
	GlobalSection(ExtensibilityGlobals) = postSolution
		SolutionGuid = {641AF71B-CAA0-4C99-9CCA-EAAB8EEF1C59}
	EndGlobalSection
EndGlobal
